// !$*UTF8*$!
{
 archiveVersion = 1;
 classes = {};
 objectVersion = 56;
 objects = {
 C10000000000000000000001 = { isa = PBXFileReference; lastKnownFileType = sourcecode.swift; path = SessionMediaTests.swift; sourceTree = "<group>"; };
 C10000000000000000000002 = { isa = PBXBuildFile; fileRef = C10000000000000000000001; };
 C55A5B6490D78BDB59D2939E = { isa = PBXFileReference; lastKnownFileType = sourcecode.swift; path = "UI/SessionMediaView.swift"; sourceTree = "<group>"; };
 A78976B89E8D261B3DCB49E9 = { isa = PBXBuildFile; fileRef = C55A5B6490D78BDB59D2939E; };
 0D53BB047E0913B118682F3C = { isa = PBXFileReference; lastKnownFileType = sourcecode.swift; path = "Utilities/SubtitleExport.swift"; sourceTree = "<group>"; };
 C4C65469F3833F332AF3953F = { isa = PBXBuildFile; fileRef = 0D53BB047E0913B118682F3C; };
 50E778C8ED91F10F1460A013 = { isa = PBXFileReference; lastKnownFileType = sourcecode.swift; path = "Models/SessionMedia.swift"; sourceTree = "<group>"; };
 FD1183BB3B8F193FC67F7498 = { isa = PBXBuildFile; fileRef = 50E778C8ED91F10F1460A013; };
 E5475431E927AA4FA1AA5052 = { isa = PBXFileReference; lastKnownFileType = sourcecode.swift; path = "Services/Audio/SessionAudioRecorder.swift"; sourceTree = "<group>"; };
 71717776E274A275FD6F184E = { isa = PBXBuildFile; fileRef = E5475431E927AA4FA1AA5052; };
 E88C44C0E193699B385738EC = { isa = PBXFileReference; lastKnownFileType = sourcecode.swift; path = "UI/TranscriptShareView.swift"; sourceTree = "<group>"; };
 01048E75942A9FB0D611C496 = { isa = PBXBuildFile; fileRef = E88C44C0E193699B385738EC; };
 3BDC57657BAB2DD2A36BF228 = { isa = PBXFileReference; lastKnownFileType = sourcecode.swift; path = "UI/TranscriptEditorView.swift"; sourceTree = "<group>"; };
 3CE32602B491DAD68D681E2D = { isa = PBXBuildFile; fileRef = 3BDC57657BAB2DD2A36BF228; };
 7DCB4BF627CBCC813929D125 = { isa = PBXFileReference; lastKnownFileType = sourcecode.swift; path = "Utilities/TranscriptPDF.swift"; sourceTree = "<group>"; };
 B7195798BB83B334E203065E = { isa = PBXBuildFile; fileRef = 7DCB4BF627CBCC813929D125; };
 FFB8D98468E06ABAED492512 = { isa = PBXFileReference; lastKnownFileType = sourcecode.swift; path = "Models/TranscriptReview.swift"; sourceTree = "<group>"; };
 69B971E52B701FA23F1C4EDD = { isa = PBXBuildFile; fileRef = FFB8D98468E06ABAED492512; };
 A00000000000000000000001 = { isa = PBXProject; attributes = { BuildIndependentTargetsInParallel = YES; LastUpgradeCheck = 1520; TargetAttributes = { A00000000000000000000010 = { CreatedOnToolsVersion = 15.2; }; A00000000000000000000020 = { CreatedOnToolsVersion = 15.2; TestTargetID = A00000000000000000000010; }; }; }; buildConfigurationList = A00000000000000000000030; compatibilityVersion = "Xcode 14.0"; developmentRegion = en; hasScannedForEncodings = 0; knownRegions = (en, Base); mainGroup = A00000000000000000000002; productRefGroup = A00000000000000000000003; projectDirPath = ""; projectRoot = ""; targets = (A00000000000000000000010, A00000000000000000000020, B00000000000000000000010); };
 A00000000000000000000002 = { isa = PBXGroup; children = (A00000000000000000000004, A00000000000000000000005, B00000000000000000000001, A00000000000000000000003); sourceTree = "<group>"; };
 A00000000000000000000003 = { isa = PBXGroup; children = (A00000000000000000000006, A00000000000000000000007, B00000000000000000000002); name = Products; sourceTree = "<group>"; };
 A00000000000000000000004 = { isa = PBXGroup; children = (C55A5B6490D78BDB59D2939E, 0D53BB047E0913B118682F3C, 50E778C8ED91F10F1460A013, E5475431E927AA4FA1AA5052, E88C44C0E193699B385738EC, 3BDC57657BAB2DD2A36BF228, 7DCB4BF627CBCC813929D125, FFB8D98468E06ABAED492512, 6C688171FAE93B18948E6C37, EFA1CCB476D792E2B2CD10BE, 37E8A50376C6543B31BA9E0B, 48F044E3E4ADCCFEF9CD4AD9, 4A97988B9B5A72E0963BB18A, 9333347CC5ED8F6B4C0B7B53, 6EC5B604F43485D68A2AF679, A98B7BD043B426517224E59B, EE4876CD203D3711BBE04DF0, 188D523105C1FE076A43D127, 4F20782FB2796316FA1E30D5, 3CBC13862369DD817E2B8088, A0909B0855228D8486CCE36B, 9BCBE4A24AFC124A05A2E666, E6763ACECED2C543D1BA4EF4, 162C70ECF0F07D8A62238AFA, 5611C36C877E3291C66D41A1, 6B02C0866FBE36941F76F35D, BA552B98E223DCD6A82D36DE, 5DD9828CA6F0843976EE2A2B, 948F8926BFDEF300681AAFB5, 88424BCB0E4E4422917CD004, 56BB30E7ABFC9BAF2700D5B6, BF85088D7638CBF1F20EDFEC, 25A556F57313CCCF9BCCFC3D, D8DD28ADE8A2A8C829C5DCBD, C6D1C8926F1C435C4647DD11, FF8A593E975958F0A850EA46, F93F517FF10092840FBC0D98); path = VoiceInView; sourceTree = "<group>"; };
 A00000000000000000000005 = { isa = PBXGroup; children = (947C51170D975E724A9E7CCC); path = VoiceInViewTests; sourceTree = "<group>"; };
 A00000000000000000000006 = { isa = PBXFileReference; explicitFileType = wrapper.application; includeInIndex = 0; path = VoiceInView.app; sourceTree = BUILT_PRODUCTS_DIR; };
 A00000000000000000000007 = { isa = PBXFileReference; explicitFileType = wrapper.cfbundle; includeInIndex = 0; path = VoiceInViewTests.xctest; sourceTree = BUILT_PRODUCTS_DIR; };
 A00000000000000000000010 = { isa = PBXNativeTarget; buildConfigurationList = A00000000000000000000031; buildPhases = (A00000000000000000000011, A00000000000000000000012, A00000000000000000000013); buildRules = (); dependencies = (); name = VoiceInView; packageProductDependencies = (); productName = VoiceInView; productReference = A00000000000000000000006; productType = "com.apple.product-type.application"; };
 A00000000000000000000011 = { isa = PBXSourcesBuildPhase; buildActionMask = 2147483647; files = (A78976B89E8D261B3DCB49E9, C4C65469F3833F332AF3953F, FD1183BB3B8F193FC67F7498, 71717776E274A275FD6F184E, 01048E75942A9FB0D611C496, 3CE32602B491DAD68D681E2D, B7195798BB83B334E203065E, 69B971E52B701FA23F1C4EDD, 4C18F40F1AADCC9D7316B8C2, 14A50B09A8A7BFB46E8770F2, F657A017443F26EE726FC41A, 5E2408D3282EE7738AB3E871, D170C9E145E521D6DE2FFD9A, 562A6EB1932D35AB587AEC20, 80CE1DC2DF344734B2AF153A, 198F50AC3E21ABA5BDB4DA4E, 705CA9B3D901662358DACC5F, 0B93AB70A32D03EA87AB5960, 94667E35FB040EA7A9F03043, D1D7BAC3C8FE72922FE98D6F, 446082A9B3486EC8B845D7DB, 48F2534E3E47968100F92083, EDE3A87E9DECF68D48D4A1A0, AB7E00B97E9E6602C1024CCD, 3B8D296677430D91D9BA9698, 1A7019D9AC46DB8B6E1A3518, 746ECDDBF78153F795812CC8, 8584FB2D5927F36853302D72, 74702AA0E5CF0E9D29B398A9, A9B21C3B948760FFB1B51662, 6D755B851357C8BC8CABB65C, 240FE9702D747D5600207431, F88C1335630A32D9A1D1777F, EC033F3495E6B9499DC0A909, F48C7BE5AB76C2B5B5D00821); runOnlyForDeploymentPostprocessing = 0; };
 A00000000000000000000012 = { isa = PBXFrameworksBuildPhase; buildActionMask = 2147483647; files = (); runOnlyForDeploymentPostprocessing = 0; };
 A00000000000000000000013 = { isa = PBXResourcesBuildPhase; buildActionMask = 2147483647; files = (CA0CCF50259EF93F1D6BB647, 31579CA66D45E46771B78B20); runOnlyForDeploymentPostprocessing = 0; };
 A00000000000000000000020 = { isa = PBXNativeTarget; buildConfigurationList = A00000000000000000000032; buildPhases = (A00000000000000000000021, A00000000000000000000022, A00000000000000000000023); buildRules = (); dependencies = (A00000000000000000000024); name = VoiceInViewTests; packageProductDependencies = (); productName = VoiceInViewTests; productReference = A00000000000000000000007; productType = "com.apple.product-type.bundle.ui-testing"; };
 A00000000000000000000021 = { isa = PBXSourcesBuildPhase; buildActionMask = 2147483647; files = (448F87FC71B173D8DD933A0C); runOnlyForDeploymentPostprocessing = 0; };
 A00000000000000000000022 = { isa = PBXFrameworksBuildPhase; buildActionMask = 2147483647; files = (); runOnlyForDeploymentPostprocessing = 0; };
 A00000000000000000000023 = { isa = PBXResourcesBuildPhase; buildActionMask = 2147483647; files = (); runOnlyForDeploymentPostprocessing = 0; };
 A00000000000000000000024 = { isa = PBXTargetDependency; target = A00000000000000000000010; targetProxy = A00000000000000000000025; };
 A00000000000000000000025 = { isa = PBXContainerItemProxy; containerPortal = A00000000000000000000001; proxyType = 1; remoteGlobalIDString = A00000000000000000000010; remoteInfo = VoiceInView; };
 A00000000000000000000030 = { isa = XCConfigurationList; buildConfigurations = (A00000000000000000000040, A00000000000000000000041); defaultConfigurationIsVisible = 0; defaultConfigurationName = Release; };
 A00000000000000000000031 = { isa = XCConfigurationList; buildConfigurations = (A00000000000000000000042, A00000000000000000000043); defaultConfigurationIsVisible = 0; defaultConfigurationName = Release; };
 A00000000000000000000032 = { isa = XCConfigurationList; buildConfigurations = (A00000000000000000000044, A00000000000000000000045); defaultConfigurationIsVisible = 0; defaultConfigurationName = Release; };
 A00000000000000000000040 = { isa = XCBuildConfiguration; buildSettings = { CLANG_ENABLE_MODULES = YES; CLANG_ENABLE_OBJC_ARC = YES; SDKROOT = iphoneos; IPHONEOS_DEPLOYMENT_TARGET = 17.0; SWIFT_VERSION = 5.0; DEBUG_INFORMATION_FORMAT = dwarf; ENABLE_TESTABILITY = YES; SWIFT_OPTIMIZATION_LEVEL = "-Onone"; SWIFT_ACTIVE_COMPILATION_CONDITIONS = "DEBUG $(inherited)"; }; name = Debug; };
 A00000000000000000000041 = { isa = XCBuildConfiguration; buildSettings = { CLANG_ENABLE_MODULES = YES; CLANG_ENABLE_OBJC_ARC = YES; SDKROOT = iphoneos; IPHONEOS_DEPLOYMENT_TARGET = 17.0; SWIFT_VERSION = 5.0; DEBUG_INFORMATION_FORMAT = "dwarf-with-dsym"; SWIFT_COMPILATION_MODE = wholemodule; SWIFT_OPTIMIZATION_LEVEL = "-O"; VALIDATE_PRODUCT = YES; }; name = Release; };
 A00000000000000000000042 = { isa = XCBuildConfiguration; buildSettings = { CODE_SIGN_STYLE = Automatic; DEVELOPMENT_TEAM = 7799N4RYUG; GENERATE_INFOPLIST_FILE = YES; INFOPLIST_FILE = VoiceInView/App/Info.plist; PRODUCT_NAME = "$(TARGET_NAME)"; TARGETED_DEVICE_FAMILY = 1; SUPPORTED_PLATFORMS = "iphoneos iphonesimulator"; SUPPORTS_MACCATALYST = NO; SUPPORTS_MAC_DESIGNED_FOR_IPHONE_IPAD = NO; PRODUCT_BUNDLE_IDENTIFIER = com.dafermen.vReader; CURRENT_PROJECT_VERSION = 14; MARKETING_VERSION = 0.1.0; INFOPLIST_KEY_CFBundleDisplayName = VoiceInView; ASSETCATALOG_COMPILER_APPICON_NAME = AppIcon; INFOPLIST_KEY_NSSpeechRecognitionUsageDescription = "VoiceInView uses speech recognition to create English captions on your iPhone. Recognition requires on-device support; audio is not sent to a server by the app."; INFOPLIST_KEY_NSMicrophoneUsageDescription = "VoiceInView uses your microphone to create English captions on your iPhone while you choose to listen. Audio stays on your device and is saved only if you enable Save audio for the session."; INFOPLIST_KEY_UILaunchScreen_Generation = YES; INFOPLIST_KEY_UIApplicationSceneManifest_Generation = YES; INFOPLIST_KEY_UISupportedInterfaceOrientations = "UIInterfaceOrientationPortrait UIInterfaceOrientationLandscapeLeft UIInterfaceOrientationLandscapeRight"; }; name = Debug; };
 A00000000000000000000043 = { isa = XCBuildConfiguration; buildSettings = { CODE_SIGN_STYLE = Automatic; DEVELOPMENT_TEAM = 7799N4RYUG; GENERATE_INFOPLIST_FILE = YES; INFOPLIST_FILE = VoiceInView/App/Info.plist; PRODUCT_NAME = "$(TARGET_NAME)"; TARGETED_DEVICE_FAMILY = 1; SUPPORTED_PLATFORMS = "iphoneos iphonesimulator"; SUPPORTS_MACCATALYST = NO; SUPPORTS_MAC_DESIGNED_FOR_IPHONE_IPAD = NO; PRODUCT_BUNDLE_IDENTIFIER = com.dafermen.vReader; CURRENT_PROJECT_VERSION = 14; MARKETING_VERSION = 0.1.0; INFOPLIST_KEY_CFBundleDisplayName = VoiceInView; ASSETCATALOG_COMPILER_APPICON_NAME = AppIcon; INFOPLIST_KEY_NSSpeechRecognitionUsageDescription = "VoiceInView uses speech recognition to create English captions on your iPhone. Recognition requires on-device support; audio is not sent to a server by the app."; INFOPLIST_KEY_NSMicrophoneUsageDescription = "VoiceInView uses your microphone to create English captions on your iPhone while you choose to listen. Audio stays on your device and is saved only if you enable Save audio for the session."; INFOPLIST_KEY_UILaunchScreen_Generation = YES; INFOPLIST_KEY_UIApplicationSceneManifest_Generation = YES; INFOPLIST_KEY_UISupportedInterfaceOrientations = "UIInterfaceOrientationPortrait UIInterfaceOrientationLandscapeLeft UIInterfaceOrientationLandscapeRight"; }; name = Release; };
 A00000000000000000000044 = { isa = XCBuildConfiguration; buildSettings = { CODE_SIGN_STYLE = Automatic; DEVELOPMENT_TEAM = 7799N4RYUG; GENERATE_INFOPLIST_FILE = YES; INFOPLIST_FILE = VoiceInView/App/Info.plist; PRODUCT_NAME = "$(TARGET_NAME)"; TARGETED_DEVICE_FAMILY = 1; SUPPORTED_PLATFORMS = "iphoneos iphonesimulator"; SUPPORTS_MACCATALYST = NO; SUPPORTS_MAC_DESIGNED_FOR_IPHONE_IPAD = NO; PRODUCT_BUNDLE_IDENTIFIER = com.dafermen.vReaderTests; TEST_TARGET_NAME = VoiceInView; }; name = Debug; };
 A00000000000000000000045 = { isa = XCBuildConfiguration; buildSettings = { CODE_SIGN_STYLE = Automatic; DEVELOPMENT_TEAM = 7799N4RYUG; GENERATE_INFOPLIST_FILE = YES; INFOPLIST_FILE = VoiceInView/App/Info.plist; PRODUCT_NAME = "$(TARGET_NAME)"; TARGETED_DEVICE_FAMILY = 1; SUPPORTED_PLATFORMS = "iphoneos iphonesimulator"; SUPPORTS_MACCATALYST = NO; SUPPORTS_MAC_DESIGNED_FOR_IPHONE_IPAD = NO; PRODUCT_BUNDLE_IDENTIFIER = com.dafermen.vReaderTests; TEST_TARGET_NAME = VoiceInView; }; name = Release; };
 B00000000000000000000001 = { isa = PBXGroup; children = (C10000000000000000000001, B281BF53A0E898ABD62651FD, 29D694563D3C354D9FB45210, 818A05838787B1EDA5A5B08F, 92873CE60849761B518DA238, E8CF39525ED12B6DE58C4576, D9C0F7153CF0634DFB9C874A, F3E3BCB96A26A388C6FBC5B9, 3F933AD973637961F41F2807, 67DF70BFC597D31B2C5458A2); path = VoiceInViewUnitTests; sourceTree = "<group>"; };
 B00000000000000000000002 = { isa = PBXFileReference; explicitFileType = wrapper.cfbundle; includeInIndex = 0; path = VoiceInViewUnitTests.xctest; sourceTree = BUILT_PRODUCTS_DIR; };
 B00000000000000000000010 = { isa = PBXNativeTarget; buildConfigurationList = B00000000000000000000030; buildPhases = (B00000000000000000000011, B00000000000000000000012, B00000000000000000000013); buildRules = (); dependencies = (B00000000000000000000014); name = VoiceInViewUnitTests; packageProductDependencies = (); productName = VoiceInViewUnitTests; productReference = B00000000000000000000002; productType = "com.apple.product-type.bundle.unit-test"; };
 B00000000000000000000011 = { isa = PBXSourcesBuildPhase; buildActionMask = 2147483647; files = (C10000000000000000000002, 1F1645D86AE03F9FBD2751D8, DB1F5CCA9CA8081435BBFF21, 34F5507FCAC03E43073C5315, D8EB1A76A614931C72DD95EB, DA474159F1A801C7E0F21D6E, CFED74C6750BA6EB87A67B43, E7FB87FB0FEF69321A7819E6, 8557F203AA6DFBE722E8FC9E, 693B212EEDE68CD34BCCA93A); runOnlyForDeploymentPostprocessing = 0; };
 B00000000000000000000012 = { isa = PBXFrameworksBuildPhase; buildActionMask = 2147483647; files = (); runOnlyForDeploymentPostprocessing = 0; };
 B00000000000000000000013 = { isa = PBXResourcesBuildPhase; buildActionMask = 2147483647; files = (); runOnlyForDeploymentPostprocessing = 0; };
 B00000000000000000000014 = { isa = PBXTargetDependency; target = A00000000000000000000010; targetProxy = B00000000000000000000015; };
 B00000000000000000000015 = { isa = PBXContainerItemProxy; containerPortal = A00000000000000000000001; proxyType = 1; remoteGlobalIDString = A00000000000000000000010; remoteInfo = VoiceInView; };
 B00000000000000000000030 = { isa = XCConfigurationList; buildConfigurations = (B00000000000000000000040, B00000000000000000000041); defaultConfigurationIsVisible = 0; defaultConfigurationName = Release; };
 B00000000000000000000040 = { isa = XCBuildConfiguration; buildSettings = { CODE_SIGN_STYLE = Automatic; DEVELOPMENT_TEAM = 7799N4RYUG; GENERATE_INFOPLIST_FILE = YES; INFOPLIST_FILE = VoiceInView/App/Info.plist; PRODUCT_NAME = "$(TARGET_NAME)"; PRODUCT_BUNDLE_IDENTIFIER = com.dafermen.vReaderUnitTests; TARGETED_DEVICE_FAMILY = 1; SUPPORTED_PLATFORMS = "iphoneos iphonesimulator"; BUNDLE_LOADER = "$(TEST_HOST)"; TEST_HOST = "$(BUILT_PRODUCTS_DIR)/VoiceInView.app/$(BUNDLE_EXECUTABLE_FOLDER_PATH)/VoiceInView"; }; name = Debug; };
 B00000000000000000000041 = { isa = XCBuildConfiguration; buildSettings = { CODE_SIGN_STYLE = Automatic; DEVELOPMENT_TEAM = 7799N4RYUG; GENERATE_INFOPLIST_FILE = YES; INFOPLIST_FILE = VoiceInView/App/Info.plist; PRODUCT_NAME = "$(TARGET_NAME)"; PRODUCT_BUNDLE_IDENTIFIER = com.dafermen.vReaderUnitTests; TARGETED_DEVICE_FAMILY = 1; SUPPORTED_PLATFORMS = "iphoneos iphonesimulator"; BUNDLE_LOADER = "$(TEST_HOST)"; TEST_HOST = "$(BUILT_PRODUCTS_DIR)/VoiceInView.app/$(BUNDLE_EXECUTABLE_FOLDER_PATH)/VoiceInView"; }; name = Release; };
 6C688171FAE93B18948E6C37 = { isa = PBXFileReference; lastKnownFileType = sourcecode.swift; path = "App/VoiceInViewApp.swift"; sourceTree = "<group>"; };
 4C18F40F1AADCC9D7316B8C2 = { isa = PBXBuildFile; fileRef = 6C688171FAE93B18948E6C37; };
 EFA1CCB476D792E2B2CD10BE = { isa = PBXFileReference; lastKnownFileType = sourcecode.swift; path = "Models/AppSettings.swift"; sourceTree = "<group>"; };
 14A50B09A8A7BFB46E8770F2 = { isa = PBXBuildFile; fileRef = EFA1CCB476D792E2B2CD10BE; };
 37E8A50376C6543B31BA9E0B = { isa = PBXFileReference; lastKnownFileType = sourcecode.swift; path = "Models/ConferenceSession.swift"; sourceTree = "<group>"; };
 F657A017443F26EE726FC41A = { isa = PBXBuildFile; fileRef = 37E8A50376C6543B31BA9E0B; };
 48F044E3E4ADCCFEF9CD4AD9 = { isa = PBXFileReference; lastKnownFileType = sourcecode.swift; path = "Models/ListeningState.swift"; sourceTree = "<group>"; };
 5E2408D3282EE7738AB3E871 = { isa = PBXBuildFile; fileRef = 48F044E3E4ADCCFEF9CD4AD9; };
 4A97988B9B5A72E0963BB18A = { isa = PBXFileReference; lastKnownFileType = sourcecode.swift; path = "Models/TranscriptAssembler.swift"; sourceTree = "<group>"; };
 D170C9E145E521D6DE2FFD9A = { isa = PBXBuildFile; fileRef = 4A97988B9B5A72E0963BB18A; };
 9333347CC5ED8F6B4C0B7B53 = { isa = PBXFileReference; lastKnownFileType = sourcecode.swift; path = "Persistence/StorageReadiness.swift"; sourceTree = "<group>"; };
 562A6EB1932D35AB587AEC20 = { isa = PBXBuildFile; fileRef = 9333347CC5ED8F6B4C0B7B53; };
 6EC5B604F43485D68A2AF679 = { isa = PBXFileReference; lastKnownFileType = sourcecode.swift; path = "Persistence/TranscriptRepository.swift"; sourceTree = "<group>"; };
 80CE1DC2DF344734B2AF153A = { isa = PBXBuildFile; fileRef = 6EC5B604F43485D68A2AF679; };
 A98B7BD043B426517224E59B = { isa = PBXFileReference; lastKnownFileType = sourcecode.swift; path = "Services/Audio/AudioCaptureService.swift"; sourceTree = "<group>"; };
 198F50AC3E21ABA5BDB4DA4E = { isa = PBXBuildFile; fileRef = A98B7BD043B426517224E59B; };
 EE4876CD203D3711BBE04DF0 = { isa = PBXFileReference; lastKnownFileType = sourcecode.swift; path = "Services/Audio/AudioCapturing.swift"; sourceTree = "<group>"; };
 705CA9B3D901662358DACC5F = { isa = PBXBuildFile; fileRef = EE4876CD203D3711BBE04DF0; };
 188D523105C1FE076A43D127 = { isa = PBXFileReference; lastKnownFileType = sourcecode.swift; path = "Services/Audio/CapturedAudio.swift"; sourceTree = "<group>"; };
 0B93AB70A32D03EA87AB5960 = { isa = PBXBuildFile; fileRef = 188D523105C1FE076A43D127; };
 4F20782FB2796316FA1E30D5 = { isa = PBXFileReference; lastKnownFileType = sourcecode.swift; path = "Services/Speech/AppleSpeechTranscriber.swift"; sourceTree = "<group>"; };
 94667E35FB040EA7A9F03043 = { isa = PBXBuildFile; fileRef = 4F20782FB2796316FA1E30D5; };
 3CBC13862369DD817E2B8088 = { isa = PBXFileReference; lastKnownFileType = sourcecode.swift; path = "Services/Speech/AudioConversion.swift"; sourceTree = "<group>"; };
 D1D7BAC3C8FE72922FE98D6F = { isa = PBXBuildFile; fileRef = 3CBC13862369DD817E2B8088; };
 A0909B0855228D8486CCE36B = { isa = PBXFileReference; lastKnownFileType = sourcecode.swift; path = "Services/Speech/LegacySpeechBackend.swift"; sourceTree = "<group>"; };
 446082A9B3486EC8B845D7DB = { isa = PBXBuildFile; fileRef = A0909B0855228D8486CCE36B; };
 9BCBE4A24AFC124A05A2E666 = { isa = PBXFileReference; lastKnownFileType = sourcecode.swift; path = "Services/Speech/LegacySpeechTranscriber.swift"; sourceTree = "<group>"; };
 48F2534E3E47968100F92083 = { isa = PBXBuildFile; fileRef = 9BCBE4A24AFC124A05A2E666; };
 E6763ACECED2C543D1BA4EF4 = { isa = PBXFileReference; lastKnownFileType = sourcecode.swift; path = "Services/Speech/SpeechTranscribing.swift"; sourceTree = "<group>"; };
 EDE3A87E9DECF68D48D4A1A0 = { isa = PBXBuildFile; fileRef = E6763ACECED2C543D1BA4EF4; };
 162C70ECF0F07D8A62238AFA = { isa = PBXFileReference; lastKnownFileType = sourcecode.swift; path = "UI/AppRootView.swift"; sourceTree = "<group>"; };
 AB7E00B97E9E6602C1024CCD = { isa = PBXBuildFile; fileRef = 162C70ECF0F07D8A62238AFA; };
 5611C36C877E3291C66D41A1 = { isa = PBXFileReference; lastKnownFileType = sourcecode.swift; path = "UI/CaptionScreen.swift"; sourceTree = "<group>"; };
 3B8D296677430D91D9BA9698 = { isa = PBXBuildFile; fileRef = 5611C36C877E3291C66D41A1; };
 6B02C0866FBE36941F76F35D = { isa = PBXFileReference; lastKnownFileType = sourcecode.swift; path = "UI/HomeView.swift"; sourceTree = "<group>"; };
 1A7019D9AC46DB8B6E1A3518 = { isa = PBXBuildFile; fileRef = 6B02C0866FBE36941F76F35D; };
 BA552B98E223DCD6A82D36DE = { isa = PBXFileReference; lastKnownFileType = sourcecode.swift; path = "UI/MicrophoneCheckView.swift"; sourceTree = "<group>"; };
 746ECDDBF78153F795812CC8 = { isa = PBXBuildFile; fileRef = BA552B98E223DCD6A82D36DE; };
 5DD9828CA6F0843976EE2A2B = { isa = PBXFileReference; lastKnownFileType = sourcecode.swift; path = "UI/PrivacyPolicyView.swift"; sourceTree = "<group>"; };
 8584FB2D5927F36853302D72 = { isa = PBXBuildFile; fileRef = 5DD9828CA6F0843976EE2A2B; };
 948F8926BFDEF300681AAFB5 = { isa = PBXFileReference; lastKnownFileType = sourcecode.swift; path = "UI/SessionHistoryView.swift"; sourceTree = "<group>"; };
 74702AA0E5CF0E9D29B398A9 = { isa = PBXBuildFile; fileRef = 948F8926BFDEF300681AAFB5; };
 88424BCB0E4E4422917CD004 = { isa = PBXFileReference; lastKnownFileType = sourcecode.swift; path = "UI/SettingsView.swift"; sourceTree = "<group>"; };
 A9B21C3B948760FFB1B51662 = { isa = PBXBuildFile; fileRef = 88424BCB0E4E4422917CD004; };
 56BB30E7ABFC9BAF2700D5B6 = { isa = PBXFileReference; lastKnownFileType = sourcecode.swift; path = "Utilities/SessionClock.swift"; sourceTree = "<group>"; };
 6D755B851357C8BC8CABB65C = { isa = PBXBuildFile; fileRef = 56BB30E7ABFC9BAF2700D5B6; };
 BF85088D7638CBF1F20EDFEC = { isa = PBXFileReference; lastKnownFileType = sourcecode.swift; path = "Utilities/TranscriptExport.swift"; sourceTree = "<group>"; };
 240FE9702D747D5600207431 = { isa = PBXBuildFile; fileRef = BF85088D7638CBF1F20EDFEC; };
 25A556F57313CCCF9BCCFC3D = { isa = PBXFileReference; lastKnownFileType = sourcecode.swift; path = "ViewModels/CaptionViewModel.swift"; sourceTree = "<group>"; };
 F88C1335630A32D9A1D1777F = { isa = PBXBuildFile; fileRef = 25A556F57313CCCF9BCCFC3D; };
 D8DD28ADE8A2A8C829C5DCBD = { isa = PBXFileReference; lastKnownFileType = sourcecode.swift; path = "ViewModels/ListeningViewModel.swift"; sourceTree = "<group>"; };
 EC033F3495E6B9499DC0A909 = { isa = PBXBuildFile; fileRef = D8DD28ADE8A2A8C829C5DCBD; };
 C6D1C8926F1C435C4647DD11 = { isa = PBXFileReference; lastKnownFileType = sourcecode.swift; path = "ViewModels/SessionCoordinator.swift"; sourceTree = "<group>"; };
 F48C7BE5AB76C2B5B5D00821 = { isa = PBXBuildFile; fileRef = C6D1C8926F1C435C4647DD11; };
 FF8A593E975958F0A850EA46 = { isa = PBXFileReference; lastKnownFileType = folder.assetcatalog; path = "Assets.xcassets"; sourceTree = "<group>"; };
 CA0CCF50259EF93F1D6BB647 = { isa = PBXBuildFile; fileRef = FF8A593E975958F0A850EA46; };
 F93F517FF10092840FBC0D98 = { isa = PBXFileReference; lastKnownFileType = text.xml; path = "PrivacyInfo.xcprivacy"; sourceTree = "<group>"; };
 31579CA66D45E46771B78B20 = { isa = PBXBuildFile; fileRef = F93F517FF10092840FBC0D98; };
 947C51170D975E724A9E7CCC = { isa = PBXFileReference; lastKnownFileType = sourcecode.swift; path = "HomeScreenTests.swift"; sourceTree = "<group>"; };
 448F87FC71B173D8DD933A0C = { isa = PBXBuildFile; fileRef = 947C51170D975E724A9E7CCC; };
 29D694563D3C354D9FB45210 = { isa = PBXFileReference; lastKnownFileType = sourcecode.swift; path = "AppSettingsTests.swift"; sourceTree = "<group>"; };
 DB1F5CCA9CA8081435BBFF21 = { isa = PBXBuildFile; fileRef = 29D694563D3C354D9FB45210; };
 818A05838787B1EDA5A5B08F = { isa = PBXFileReference; lastKnownFileType = sourcecode.swift; path = "AudioConversionTests.swift"; sourceTree = "<group>"; };
 34F5507FCAC03E43073C5315 = { isa = PBXBuildFile; fileRef = 818A05838787B1EDA5A5B08F; };
 92873CE60849761B518DA238 = { isa = PBXFileReference; lastKnownFileType = sourcecode.swift; path = "CaptionViewModelTests.swift"; sourceTree = "<group>"; };
 D8EB1A76A614931C72DD95EB = { isa = PBXBuildFile; fileRef = 92873CE60849761B518DA238; };
 E8CF39525ED12B6DE58C4576 = { isa = PBXFileReference; lastKnownFileType = sourcecode.swift; path = "ListeningViewModelTests.swift"; sourceTree = "<group>"; };
 DA474159F1A801C7E0F21D6E = { isa = PBXBuildFile; fileRef = E8CF39525ED12B6DE58C4576; };
 D9C0F7153CF0634DFB9C874A = { isa = PBXFileReference; lastKnownFileType = sourcecode.swift; path = "SessionClockTests.swift"; sourceTree = "<group>"; };
 CFED74C6750BA6EB87A67B43 = { isa = PBXBuildFile; fileRef = D9C0F7153CF0634DFB9C874A; };
 F3E3BCB96A26A388C6FBC5B9 = { isa = PBXFileReference; lastKnownFileType = sourcecode.swift; path = "TranscriptAssemblerTests.swift"; sourceTree = "<group>"; };
 E7FB87FB0FEF69321A7819E6 = { isa = PBXBuildFile; fileRef = F3E3BCB96A26A388C6FBC5B9; };
 3F933AD973637961F41F2807 = { isa = PBXFileReference; lastKnownFileType = sourcecode.swift; path = "TranscriptExportTests.swift"; sourceTree = "<group>"; };
 8557F203AA6DFBE722E8FC9E = { isa = PBXBuildFile; fileRef = 3F933AD973637961F41F2807; };
 67DF70BFC597D31B2C5458A2 = { isa = PBXFileReference; lastKnownFileType = sourcecode.swift; path = "TranscriptRepositoryTests.swift"; sourceTree = "<group>"; };
 693B212EEDE68CD34BCCA93A = { isa = PBXBuildFile; fileRef = 67DF70BFC597D31B2C5458A2; };
 B281BF53A0E898ABD62651FD = { isa = PBXFileReference; lastKnownFileType = sourcecode.swift; path = LegacySpeechTranscriberTests.swift; sourceTree = "<group>"; };
 1F1645D86AE03F9FBD2751D8 = { isa = PBXBuildFile; fileRef = B281BF53A0E898ABD62651FD; };
 };
 rootObject = A00000000000000000000001;
}
