// !$*UTF8*$!
{
 archiveVersion = 1;
 classes = {};
 objectVersion = 77;
 objects = {
 A00000000000000000000001 = { isa = PBXProject; attributes = { BuildIndependentTargetsInParallel = YES; LastUpgradeCheck = 2600; TargetAttributes = { A00000000000000000000010 = { CreatedOnToolsVersion = 26.0; }; A00000000000000000000020 = { CreatedOnToolsVersion = 26.0; TestTargetID = A00000000000000000000010; }; }; }; buildConfigurationList = A00000000000000000000030; compatibilityVersion = "Xcode 16.0"; developmentRegion = en; hasScannedForEncodings = 0; knownRegions = (en, Base); mainGroup = A00000000000000000000002; preferredProjectObjectVersion = 77; productRefGroup = A00000000000000000000003; projectDirPath = ""; projectRoot = ""; targets = (A00000000000000000000010, A00000000000000000000020, B00000000000000000000010); };
 A00000000000000000000002 = { isa = PBXGroup; children = (A00000000000000000000004, A00000000000000000000005, B00000000000000000000001, A00000000000000000000003); sourceTree = "<group>"; };
 A00000000000000000000003 = { isa = PBXGroup; children = (A00000000000000000000006, A00000000000000000000007, B00000000000000000000002); name = Products; sourceTree = "<group>"; };
 A00000000000000000000004 = { isa = PBXFileSystemSynchronizedRootGroup; path = vReader; sourceTree = "<group>"; };
 A00000000000000000000005 = { isa = PBXFileSystemSynchronizedRootGroup; path = vReaderTests; sourceTree = "<group>"; };
 A00000000000000000000006 = { isa = PBXFileReference; explicitFileType = wrapper.application; includeInIndex = 0; path = vReader.app; sourceTree = BUILT_PRODUCTS_DIR; };
 A00000000000000000000007 = { isa = PBXFileReference; explicitFileType = wrapper.cfbundle; includeInIndex = 0; path = vReaderTests.xctest; sourceTree = BUILT_PRODUCTS_DIR; };
 A00000000000000000000010 = { isa = PBXNativeTarget; buildConfigurationList = A00000000000000000000031; buildPhases = (A00000000000000000000011, A00000000000000000000012, A00000000000000000000013); buildRules = (); dependencies = (); fileSystemSynchronizedGroups = (A00000000000000000000004); name = vReader; packageProductDependencies = (); productName = vReader; productReference = A00000000000000000000006; productType = "com.apple.product-type.application"; };
 A00000000000000000000011 = { isa = PBXSourcesBuildPhase; buildActionMask = 2147483647; files = (); runOnlyForDeploymentPostprocessing = 0; };
 A00000000000000000000012 = { isa = PBXFrameworksBuildPhase; buildActionMask = 2147483647; files = (); runOnlyForDeploymentPostprocessing = 0; };
 A00000000000000000000013 = { isa = PBXResourcesBuildPhase; buildActionMask = 2147483647; files = (); runOnlyForDeploymentPostprocessing = 0; };
 A00000000000000000000020 = { isa = PBXNativeTarget; buildConfigurationList = A00000000000000000000032; buildPhases = (A00000000000000000000021, A00000000000000000000022, A00000000000000000000023); buildRules = (); dependencies = (A00000000000000000000024); fileSystemSynchronizedGroups = (A00000000000000000000005); name = vReaderTests; packageProductDependencies = (); productName = vReaderTests; productReference = A00000000000000000000007; productType = "com.apple.product-type.bundle.ui-testing"; };
 A00000000000000000000021 = { isa = PBXSourcesBuildPhase; buildActionMask = 2147483647; files = (); runOnlyForDeploymentPostprocessing = 0; };
 A00000000000000000000022 = { isa = PBXFrameworksBuildPhase; buildActionMask = 2147483647; files = (); runOnlyForDeploymentPostprocessing = 0; };
 A00000000000000000000023 = { isa = PBXResourcesBuildPhase; buildActionMask = 2147483647; files = (); runOnlyForDeploymentPostprocessing = 0; };
 A00000000000000000000024 = { isa = PBXTargetDependency; target = A00000000000000000000010; targetProxy = A00000000000000000000025; };
 A00000000000000000000025 = { isa = PBXContainerItemProxy; containerPortal = A00000000000000000000001; proxyType = 1; remoteGlobalIDString = A00000000000000000000010; remoteInfo = vReader; };
 A00000000000000000000030 = { isa = XCConfigurationList; buildConfigurations = (A00000000000000000000040, A00000000000000000000041); defaultConfigurationIsVisible = 0; defaultConfigurationName = Release; };
 A00000000000000000000031 = { isa = XCConfigurationList; buildConfigurations = (A00000000000000000000042, A00000000000000000000043); defaultConfigurationIsVisible = 0; defaultConfigurationName = Release; };
 A00000000000000000000032 = { isa = XCConfigurationList; buildConfigurations = (A00000000000000000000044, A00000000000000000000045); defaultConfigurationIsVisible = 0; defaultConfigurationName = Release; };
 A00000000000000000000040 = { isa = XCBuildConfiguration; buildSettings = { CLANG_ENABLE_MODULES = YES; CLANG_ENABLE_OBJC_ARC = YES; SDKROOT = iphoneos; IPHONEOS_DEPLOYMENT_TARGET = 26.0; SWIFT_VERSION = 6.0; DEBUG_INFORMATION_FORMAT = dwarf; ENABLE_TESTABILITY = YES; SWIFT_OPTIMIZATION_LEVEL = "-Onone"; SWIFT_ACTIVE_COMPILATION_CONDITIONS = "DEBUG $(inherited)"; }; name = Debug; };
 A00000000000000000000041 = { isa = XCBuildConfiguration; buildSettings = { CLANG_ENABLE_MODULES = YES; CLANG_ENABLE_OBJC_ARC = YES; SDKROOT = iphoneos; IPHONEOS_DEPLOYMENT_TARGET = 26.0; SWIFT_VERSION = 6.0; DEBUG_INFORMATION_FORMAT = "dwarf-with-dsym"; SWIFT_COMPILATION_MODE = wholemodule; SWIFT_OPTIMIZATION_LEVEL = "-O"; VALIDATE_PRODUCT = YES; }; name = Release; };
 A00000000000000000000042 = { isa = XCBuildConfiguration; buildSettings = { CODE_SIGN_STYLE = Automatic; GENERATE_INFOPLIST_FILE = YES; PRODUCT_NAME = "$(TARGET_NAME)"; TARGETED_DEVICE_FAMILY = 1; SUPPORTED_PLATFORMS = "iphoneos iphonesimulator"; SUPPORTS_MACCATALYST = NO; SUPPORTS_MAC_DESIGNED_FOR_IPHONE_IPAD = NO; PRODUCT_BUNDLE_IDENTIFIER = com.example.vReader; CURRENT_PROJECT_VERSION = 1; MARKETING_VERSION = 0.1.0; INFOPLIST_KEY_CFBundleDisplayName = vReader; INFOPLIST_KEY_NSMicrophoneUsageDescription = "vReader uses your microphone to monitor nearby speech while you choose to listen. Audio is not saved or uploaded."; INFOPLIST_KEY_UILaunchScreen_Generation = YES; INFOPLIST_KEY_UIApplicationSceneManifest_Generation = YES; INFOPLIST_KEY_UISupportedInterfaceOrientations = "UIInterfaceOrientationPortrait UIInterfaceOrientationLandscapeLeft UIInterfaceOrientationLandscapeRight"; }; name = Debug; };
 A00000000000000000000043 = { isa = XCBuildConfiguration; buildSettings = { CODE_SIGN_STYLE = Automatic; GENERATE_INFOPLIST_FILE = YES; PRODUCT_NAME = "$(TARGET_NAME)"; TARGETED_DEVICE_FAMILY = 1; SUPPORTED_PLATFORMS = "iphoneos iphonesimulator"; SUPPORTS_MACCATALYST = NO; SUPPORTS_MAC_DESIGNED_FOR_IPHONE_IPAD = NO; PRODUCT_BUNDLE_IDENTIFIER = com.example.vReader; CURRENT_PROJECT_VERSION = 1; MARKETING_VERSION = 0.1.0; INFOPLIST_KEY_CFBundleDisplayName = vReader; INFOPLIST_KEY_NSMicrophoneUsageDescription = "vReader uses your microphone to monitor nearby speech while you choose to listen. Audio is not saved or uploaded."; INFOPLIST_KEY_UILaunchScreen_Generation = YES; INFOPLIST_KEY_UIApplicationSceneManifest_Generation = YES; INFOPLIST_KEY_UISupportedInterfaceOrientations = "UIInterfaceOrientationPortrait UIInterfaceOrientationLandscapeLeft UIInterfaceOrientationLandscapeRight"; }; name = Release; };
 A00000000000000000000044 = { isa = XCBuildConfiguration; buildSettings = { CODE_SIGN_STYLE = Automatic; GENERATE_INFOPLIST_FILE = YES; PRODUCT_NAME = "$(TARGET_NAME)"; TARGETED_DEVICE_FAMILY = 1; SUPPORTED_PLATFORMS = "iphoneos iphonesimulator"; SUPPORTS_MACCATALYST = NO; SUPPORTS_MAC_DESIGNED_FOR_IPHONE_IPAD = NO; PRODUCT_BUNDLE_IDENTIFIER = com.example.vReaderTests; TEST_TARGET_NAME = vReader; }; name = Debug; };
 A00000000000000000000045 = { isa = XCBuildConfiguration; buildSettings = { CODE_SIGN_STYLE = Automatic; GENERATE_INFOPLIST_FILE = YES; PRODUCT_NAME = "$(TARGET_NAME)"; TARGETED_DEVICE_FAMILY = 1; SUPPORTED_PLATFORMS = "iphoneos iphonesimulator"; SUPPORTS_MACCATALYST = NO; SUPPORTS_MAC_DESIGNED_FOR_IPHONE_IPAD = NO; PRODUCT_BUNDLE_IDENTIFIER = com.example.vReaderTests; TEST_TARGET_NAME = vReader; }; name = Release; };
 B00000000000000000000001 = { isa = PBXFileSystemSynchronizedRootGroup; path = vReaderUnitTests; sourceTree = "<group>"; };
 B00000000000000000000002 = { isa = PBXFileReference; explicitFileType = wrapper.cfbundle; includeInIndex = 0; path = vReaderUnitTests.xctest; sourceTree = BUILT_PRODUCTS_DIR; };
 B00000000000000000000010 = { isa = PBXNativeTarget; buildConfigurationList = B00000000000000000000030; buildPhases = (B00000000000000000000011, B00000000000000000000012, B00000000000000000000013); buildRules = (); dependencies = (B00000000000000000000014); fileSystemSynchronizedGroups = (B00000000000000000000001); name = vReaderUnitTests; packageProductDependencies = (); productName = vReaderUnitTests; productReference = B00000000000000000000002; productType = "com.apple.product-type.bundle.unit-test"; };
 B00000000000000000000011 = { isa = PBXSourcesBuildPhase; buildActionMask = 2147483647; files = (); runOnlyForDeploymentPostprocessing = 0; };
 B00000000000000000000012 = { isa = PBXFrameworksBuildPhase; buildActionMask = 2147483647; files = (); runOnlyForDeploymentPostprocessing = 0; };
 B00000000000000000000013 = { isa = PBXResourcesBuildPhase; buildActionMask = 2147483647; files = (); runOnlyForDeploymentPostprocessing = 0; };
 B00000000000000000000014 = { isa = PBXTargetDependency; target = A00000000000000000000010; targetProxy = B00000000000000000000015; };
 B00000000000000000000015 = { isa = PBXContainerItemProxy; containerPortal = A00000000000000000000001; proxyType = 1; remoteGlobalIDString = A00000000000000000000010; remoteInfo = vReader; };
 B00000000000000000000030 = { isa = XCConfigurationList; buildConfigurations = (B00000000000000000000040, B00000000000000000000041); defaultConfigurationIsVisible = 0; defaultConfigurationName = Release; };
 B00000000000000000000040 = { isa = XCBuildConfiguration; buildSettings = { CODE_SIGN_STYLE = Automatic; GENERATE_INFOPLIST_FILE = YES; PRODUCT_NAME = "$(TARGET_NAME)"; PRODUCT_BUNDLE_IDENTIFIER = com.example.vReaderUnitTests; TARGETED_DEVICE_FAMILY = 1; SUPPORTED_PLATFORMS = "iphoneos iphonesimulator"; BUNDLE_LOADER = "$(TEST_HOST)"; TEST_HOST = "$(BUILT_PRODUCTS_DIR)/vReader.app/$(BUNDLE_EXECUTABLE_FOLDER_PATH)/vReader"; }; name = Debug; };
 B00000000000000000000041 = { isa = XCBuildConfiguration; buildSettings = { CODE_SIGN_STYLE = Automatic; GENERATE_INFOPLIST_FILE = YES; PRODUCT_NAME = "$(TARGET_NAME)"; PRODUCT_BUNDLE_IDENTIFIER = com.example.vReaderUnitTests; TARGETED_DEVICE_FAMILY = 1; SUPPORTED_PLATFORMS = "iphoneos iphonesimulator"; BUNDLE_LOADER = "$(TEST_HOST)"; TEST_HOST = "$(BUILT_PRODUCTS_DIR)/vReader.app/$(BUNDLE_EXECUTABLE_FOLDER_PATH)/vReader"; }; name = Release; };
 };
 rootObject = A00000000000000000000001;
}
